
Microsoft Visual Studio Solution File, Format Version 12.00
# Visual Studio 15
VisualStudioVersion = 15.0.27004.2005
MinimumVisualStudioVersion = 10.0.40219.1
Project("{FAE04EC0-301F-11D3-BF4B-00C04F79EFBC}") = "Enxadrista", "Enxadrista.csproj", "{BDBBAB83-382D-476C-9FF6-871581699ED9}"
EndProject
Project("{FAE04EC0-301F-11D3-BF4B-00C04F79EFBC}") = "UnidadeTeste", "UnitTest\UnidadeTeste.csproj", "{FE21D042-CA77-4DDF-A7D8-514C9058E425}"
EndProject
Global
	GlobalSection(SolutionConfigurationPlatforms) = preSolution
		Debug|Any CPU = Debug|Any CPU
		Release|Any CPU = Release|Any CPU
	EndGlobalSection
	GlobalSection(ProjectConfigurationPlatforms) = postSolution
		{BDBBAB83-382D-476C-9FF6-871581699ED9}.Debug|Any CPU.ActiveCfg = Debug|Any CPU
		{BDBBAB83-382D-476C-9FF6-871581699ED9}.Debug|Any CPU.Build.0 = Debug|Any CPU
		{BDBBAB83-382D-476C-9FF6-871581699ED9}.Release|Any CPU.ActiveCfg = Release|Any CPU
		{BDBBAB83-382D-476C-9FF6-871581699ED9}.Release|Any CPU.Build.0 = Release|Any CPU
		{FE21D042-CA77-4DDF-A7D8-514C9058E425}.Debug|Any CPU.ActiveCfg = Debug|Any CPU
		{FE21D042-CA77-4DDF-A7D8-514C9058E425}.Debug|Any CPU.Build.0 = Debug|Any CPU
		{FE21D042-CA77-4DDF-A7D8-514C9058E425}.Release|Any CPU.ActiveCfg = Release|Any CPU
		{FE21D042-CA77-4DDF-A7D8-514C9058E425}.Release|Any CPU.Build.0 = Release|Any CPU
	EndGlobalSection
	GlobalSection(SolutionProperties) = preSolution
		HideSolutionNode = FALSE
	EndGlobalSection
	GlobalSection(ExtensibilityGlobals) = postSolution
		SolutionGuid = {EFEF40AA-74A9-4004-8154-84EEF561636F}
	EndGlobalSection
EndGlobal
